// !$*UTF8*$!
{
	archiveVersion = 1;
	classes = {
	};
	objectVersion = 56;
	objects = {

/* Begin PBXBuildFile section */
		39054FCB2B46535000887BAF /* ExtUiViewController.swift in Sources */ = {isa = PBXBuildFile; fileRef = 39054FCA2B46535000887BAF /* ExtUiViewController.swift */; };
		390C09A32B68A5A100BDCE09 /* LoginViewController.swift in Sources */ = {isa = PBXBuildFile; fileRef = 390C09A12B68A5A100BDCE09 /* LoginViewController.swift */; };
		390C09A42B68A5A100BDCE09 /* LoginViewController.xib in Resources */ = {isa = PBXBuildFile; fileRef = 390C09A22B68A5A100BDCE09 /* LoginViewController.xib */; };
		390C09B02B68ABF300BDCE09 /* HomeViewController.swift in Sources */ = {isa = PBXBuildFile; fileRef = 390C09AE2B68ABF300BDCE09 /* HomeViewController.swift */; };
		390C09B12B68ABF300BDCE09 /* HomeViewController.xib in Resources */ = {isa = PBXBuildFile; fileRef = 390C09AF2B68ABF300BDCE09 /* HomeViewController.xib */; };
		390C09B52B68ADD600BDCE09 /* HomeTableViewCell.swift in Sources */ = {isa = PBXBuildFile; fileRef = 390C09B32B68ADD600BDCE09 /* HomeTableViewCell.swift */; };
		390C09B62B68ADD600BDCE09 /* HomeTableViewCell.xib in Resources */ = {isa = PBXBuildFile; fileRef = 390C09B42B68ADD600BDCE09 /* HomeTableViewCell.xib */; };
		390C09B92B68D27600BDCE09 /* CakeCollectionViewCell.swift in Sources */ = {isa = PBXBuildFile; fileRef = 390C09B72B68D27600BDCE09 /* CakeCollectionViewCell.swift */; };
		390C09BA2B68D27600BDCE09 /* CakeCollectionViewCell.xib in Resources */ = {isa = PBXBuildFile; fileRef = 390C09B82B68D27600BDCE09 /* CakeCollectionViewCell.xib */; };
		390C09BE2B68D7E000BDCE09 /* AccountViewController.swift in Sources */ = {isa = PBXBuildFile; fileRef = 390C09BC2B68D7E000BDCE09 /* AccountViewController.swift */; };
		390C09BF2B68D7E000BDCE09 /* AccountViewController.xib in Resources */ = {isa = PBXBuildFile; fileRef = 390C09BD2B68D7E000BDCE09 /* AccountViewController.xib */; };
		390C09C32B68D8C700BDCE09 /* InfoCakeViewController.swift in Sources */ = {isa = PBXBuildFile; fileRef = 390C09C12B68D8C700BDCE09 /* InfoCakeViewController.swift */; };
		390C09C42B68D8C700BDCE09 /* InfoCakeViewController.xib in Resources */ = {isa = PBXBuildFile; fileRef = 390C09C22B68D8C700BDCE09 /* InfoCakeViewController.xib */; };
		390C09C82B68DBE700BDCE09 /* BagViewController.swift in Sources */ = {isa = PBXBuildFile; fileRef = 390C09C62B68DBE600BDCE09 /* BagViewController.swift */; };
		390C09C92B68DBE700BDCE09 /* BagViewController.xib in Resources */ = {isa = PBXBuildFile; fileRef = 390C09C72B68DBE600BDCE09 /* BagViewController.xib */; };
		390C09CD2B68DC6000BDCE09 /* ItemOrderTableViewCell.swift in Sources */ = {isa = PBXBuildFile; fileRef = 390C09CB2B68DC6000BDCE09 /* ItemOrderTableViewCell.swift */; };
		390C09CE2B68DC6000BDCE09 /* ItemOrderTableViewCell.xib in Resources */ = {isa = PBXBuildFile; fileRef = 390C09CC2B68DC6000BDCE09 /* ItemOrderTableViewCell.xib */; };
		390C09D22B68E42300BDCE09 /* OrderViewController.swift in Sources */ = {isa = PBXBuildFile; fileRef = 390C09D02B68E42300BDCE09 /* OrderViewController.swift */; };
		390C09D32B68E42300BDCE09 /* OrderViewController.xib in Resources */ = {isa = PBXBuildFile; fileRef = 390C09D12B68E42300BDCE09 /* OrderViewController.xib */; };
		390C09DB2B68E51500BDCE09 /* OrderTableViewCell.swift in Sources */ = {isa = PBXBuildFile; fileRef = 390C09D92B68E51500BDCE09 /* OrderTableViewCell.swift */; };
		390C09DC2B68E51500BDCE09 /* OrderTableViewCell.xib in Resources */ = {isa = PBXBuildFile; fileRef = 390C09DA2B68E51500BDCE09 /* OrderTableViewCell.xib */; };
		390C09E02B68E79D00BDCE09 /* RewardsViewController.swift in Sources */ = {isa = PBXBuildFile; fileRef = 390C09DE2B68E79D00BDCE09 /* RewardsViewController.swift */; };
		390C09E12B68E79D00BDCE09 /* RewardsViewController.xib in Resources */ = {isa = PBXBuildFile; fileRef = 390C09DF2B68E79D00BDCE09 /* RewardsViewController.xib */; };
		390C09E42B68F44C00BDCE09 /* HomeTabBarController.swift in Sources */ = {isa = PBXBuildFile; fileRef = 390C09E32B68F44C00BDCE09 /* HomeTabBarController.swift */; };
		393130462B4502C50061B417 /* AppDelegate.swift in Sources */ = {isa = PBXBuildFile; fileRef = 393130452B4502C50061B417 /* AppDelegate.swift */; };
		393130482B4502C50061B417 /* SceneDelegate.swift in Sources */ = {isa = PBXBuildFile; fileRef = 393130472B4502C50061B417 /* SceneDelegate.swift */; };
		3931304F2B4502C60061B417 /* Assets.xcassets in Resources */ = {isa = PBXBuildFile; fileRef = 3931304E2B4502C60061B417 /* Assets.xcassets */; };
		393130522B4502C60061B417 /* LaunchScreen.storyboard in Resources */ = {isa = PBXBuildFile; fileRef = 393130502B4502C60061B417 /* LaunchScreen.storyboard */; };
		3931305A2B4503D30061B417 /* ExtUIColor.swift in Sources */ = {isa = PBXBuildFile; fileRef = 393130592B4503D30061B417 /* ExtUIColor.swift */; };
		3931305D2B45105C0061B417 /* ExtUIView.swift in Sources */ = {isa = PBXBuildFile; fileRef = 3931305C2B45105C0061B417 /* ExtUIView.swift */; };
		3931305F2B45429B0061B417 /* AppColor.swift in Sources */ = {isa = PBXBuildFile; fileRef = 3931305E2B45429B0061B417 /* AppColor.swift */; };
		393130622B454CD70061B417 /* TextField.swift in Sources */ = {isa = PBXBuildFile; fileRef = 393130612B454CD70061B417 /* TextField.swift */; };
		3989892E2B62617E00133DDB /* EnumApp.swift in Sources */ = {isa = PBXBuildFile; fileRef = 3989892D2B62617E00133DDB /* EnumApp.swift */; };
		3997A4C62B58E33B000101E9 /* RxCocoa in Frameworks */ = {isa = PBXBuildFile; productRef = 3997A4C52B58E33B000101E9 /* RxCocoa */; };
		3997A4CA2B58E33B000101E9 /* RxRelay in Frameworks */ = {isa = PBXBuildFile; productRef = 3997A4C92B58E33B000101E9 /* RxRelay */; };
		3997A4CE2B58E33B000101E9 /* RxSwift in Frameworks */ = {isa = PBXBuildFile; productRef = 3997A4CD2B58E33B000101E9 /* RxSwift */; };
		39B5F7B72B566FF9001471A9 /* Kingfisher in Frameworks */ = {isa = PBXBuildFile; productRef = 39B5F7B62B566FF9001471A9 /* Kingfisher */; };
		39B5F7B92B56701D001471A9 /* ExtUIImageView.swift in Sources */ = {isa = PBXBuildFile; fileRef = 39B5F7B82B56701D001471A9 /* ExtUIImageView.swift */; };
/* End PBXBuildFile section */

/* Begin PBXFileReference section */
		39054FCA2B46535000887BAF /* ExtUiViewController.swift */ = {isa = PBXFileReference; lastKnownFileType = sourcecode.swift; path = ExtUiViewController.swift; sourceTree = "<group>"; };
		390C09A12B68A5A100BDCE09 /* LoginViewController.swift */ = {isa = PBXFileReference; lastKnownFileType = sourcecode.swift; path = LoginViewController.swift; sourceTree = "<group>"; };
		390C09A22B68A5A100BDCE09 /* LoginViewController.xib */ = {isa = PBXFileReference; lastKnownFileType = file.xib; path = LoginViewController.xib; sourceTree = "<group>"; };
		390C09AE2B68ABF300BDCE09 /* HomeViewController.swift */ = {isa = PBXFileReference; lastKnownFileType = sourcecode.swift; path = HomeViewController.swift; sourceTree = "<group>"; };
		390C09AF2B68ABF300BDCE09 /* HomeViewController.xib */ = {isa = PBXFileReference; lastKnownFileType = file.xib; path = HomeViewController.xib; sourceTree = "<group>"; };
		390C09B32B68ADD600BDCE09 /* HomeTableViewCell.swift */ = {isa = PBXFileReference; lastKnownFileType = sourcecode.swift; path = HomeTableViewCell.swift; sourceTree = "<group>"; };
		390C09B42B68ADD600BDCE09 /* HomeTableViewCell.xib */ = {isa = PBXFileReference; lastKnownFileType = file.xib; path = HomeTableViewCell.xib; sourceTree = "<group>"; };
		390C09B72B68D27600BDCE09 /* CakeCollectionViewCell.swift */ = {isa = PBXFileReference; lastKnownFileType = sourcecode.swift; path = CakeCollectionViewCell.swift; sourceTree = "<group>"; };
		390C09B82B68D27600BDCE09 /* CakeCollectionViewCell.xib */ = {isa = PBXFileReference; lastKnownFileType = file.xib; path = CakeCollectionViewCell.xib; sourceTree = "<group>"; };
		390C09BC2B68D7E000BDCE09 /* AccountViewController.swift */ = {isa = PBXFileReference; lastKnownFileType = sourcecode.swift; path = AccountViewController.swift; sourceTree = "<group>"; };
		390C09BD2B68D7E000BDCE09 /* AccountViewController.xib */ = {isa = PBXFileReference; lastKnownFileType = file.xib; path = AccountViewController.xib; sourceTree = "<group>"; };
		390C09C12B68D8C700BDCE09 /* InfoCakeViewController.swift */ = {isa = PBXFileReference; lastKnownFileType = sourcecode.swift; path = InfoCakeViewController.swift; sourceTree = "<group>"; };
		390C09C22B68D8C700BDCE09 /* InfoCakeViewController.xib */ = {isa = PBXFileReference; lastKnownFileType = file.xib; path = InfoCakeViewController.xib; sourceTree = "<group>"; };
		390C09C62B68DBE600BDCE09 /* BagViewController.swift */ = {isa = PBXFileReference; lastKnownFileType = sourcecode.swift; path = BagViewController.swift; sourceTree = "<group>"; };
		390C09C72B68DBE600BDCE09 /* BagViewController.xib */ = {isa = PBXFileReference; lastKnownFileType = file.xib; path = BagViewController.xib; sourceTree = "<group>"; };
		390C09CB2B68DC6000BDCE09 /* ItemOrderTableViewCell.swift */ = {isa = PBXFileReference; lastKnownFileType = sourcecode.swift; path = ItemOrderTableViewCell.swift; sourceTree = "<group>"; };
		390C09CC2B68DC6000BDCE09 /* ItemOrderTableViewCell.xib */ = {isa = PBXFileReference; lastKnownFileType = file.xib; path = ItemOrderTableViewCell.xib; sourceTree = "<group>"; };
		390C09D02B68E42300BDCE09 /* OrderViewController.swift */ = {isa = PBXFileReference; lastKnownFileType = sourcecode.swift; path = OrderViewController.swift; sourceTree = "<group>"; };
		390C09D12B68E42300BDCE09 /* OrderViewController.xib */ = {isa = PBXFileReference; lastKnownFileType = file.xib; path = OrderViewController.xib; sourceTree = "<group>"; };
		390C09D92B68E51500BDCE09 /* OrderTableViewCell.swift */ = {isa = PBXFileReference; lastKnownFileType = sourcecode.swift; path = OrderTableViewCell.swift; sourceTree = "<group>"; };
		390C09DA2B68E51500BDCE09 /* OrderTableViewCell.xib */ = {isa = PBXFileReference; lastKnownFileType = file.xib; path = OrderTableViewCell.xib; sourceTree = "<group>"; };
		390C09DE2B68E79D00BDCE09 /* RewardsViewController.swift */ = {isa = PBXFileReference; lastKnownFileType = sourcecode.swift; path = RewardsViewController.swift; sourceTree = "<group>"; };
		390C09DF2B68E79D00BDCE09 /* RewardsViewController.xib */ = {isa = PBXFileReference; lastKnownFileType = file.xib; path = RewardsViewController.xib; sourceTree = "<group>"; };
		390C09E32B68F44C00BDCE09 /* HomeTabBarController.swift */ = {isa = PBXFileReference; lastKnownFileType = sourcecode.swift; path = HomeTabBarController.swift; sourceTree = "<group>"; };
		393130422B4502C50061B417 /* LuUiKit.app */ = {isa = PBXFileReference; explicitFileType = wrapper.application; includeInIndex = 0; path = LuUiKit.app; sourceTree = BUILT_PRODUCTS_DIR; };
		393130452B4502C50061B417 /* AppDelegate.swift */ = {isa = PBXFileReference; lastKnownFileType = sourcecode.swift; path = AppDelegate.swift; sourceTree = "<group>"; };
		393130472B4502C50061B417 /* SceneDelegate.swift */ = {isa = PBXFileReference; lastKnownFileType = sourcecode.swift; path = SceneDelegate.swift; sourceTree = "<group>"; };
		3931304E2B4502C60061B417 /* Assets.xcassets */ = {isa = PBXFileReference; lastKnownFileType = folder.assetcatalog; path = Assets.xcassets; sourceTree = "<group>"; };
		393130512B4502C60061B417 /* Base */ = {isa = PBXFileReference; lastKnownFileType = file.storyboard; name = Base; path = Base.lproj/LaunchScreen.storyboard; sourceTree = "<group>"; };
		393130532B4502C60061B417 /* Info.plist */ = {isa = PBXFileReference; lastKnownFileType = text.plist.xml; path = Info.plist; sourceTree = "<group>"; };
		393130592B4503D30061B417 /* ExtUIColor.swift */ = {isa = PBXFileReference; lastKnownFileType = sourcecode.swift; path = ExtUIColor.swift; sourceTree = "<group>"; };
		3931305C2B45105C0061B417 /* ExtUIView.swift */ = {isa = PBXFileReference; lastKnownFileType = sourcecode.swift; path = ExtUIView.swift; sourceTree = "<group>"; };
		3931305E2B45429B0061B417 /* AppColor.swift */ = {isa = PBXFileReference; lastKnownFileType = sourcecode.swift; path = AppColor.swift; sourceTree = "<group>"; };
		393130612B454CD70061B417 /* TextField.swift */ = {isa = PBXFileReference; lastKnownFileType = sourcecode.swift; path = TextField.swift; sourceTree = "<group>"; };
		3989892D2B62617E00133DDB /* EnumApp.swift */ = {isa = PBXFileReference; lastKnownFileType = sourcecode.swift; path = EnumApp.swift; sourceTree = "<group>"; };
		39B5F7B82B56701D001471A9 /* ExtUIImageView.swift */ = {isa = PBXFileReference; lastKnownFileType = sourcecode.swift; path = ExtUIImageView.swift; sourceTree = "<group>"; };
/* End PBXFileReference section */

/* Begin PBXFrameworksBuildPhase section */
		3931303F2B4502C50061B417 /* Frameworks */ = {
			isa = PBXFrameworksBuildPhase;
			buildActionMask = 2147483647;
			files = (
				3997A4CE2B58E33B000101E9 /* RxSwift in Frameworks */,
				3997A4C62B58E33B000101E9 /* RxCocoa in Frameworks */,
				3997A4CA2B58E33B000101E9 /* RxRelay in Frameworks */,
				39B5F7B72B566FF9001471A9 /* Kingfisher in Frameworks */,
			);
			runOnlyForDeploymentPostprocessing = 0;
		};
/* End PBXFrameworksBuildPhase section */

/* Begin PBXGroup section */
		390C099F2B68A57200BDCE09 /* Screen */ = {
			isa = PBXGroup;
			children = (
				390C09DD2B68E73000BDCE09 /* Rewards */,
				390C09CF2B68E40700BDCE09 /* Order */,
				390C09C52B68DBCF00BDCE09 /* Bag */,
				390C09C02B68D8AD00BDCE09 /* InfoCake */,
				390C09BB2B68D7B600BDCE09 /* Account */,
				390C09AD2B68ABE400BDCE09 /* Home */,
				390C09A02B68A57E00BDCE09 /* Login */,
				390C09E32B68F44C00BDCE09 /* HomeTabBarController.swift */,
			);
			path = Screen;
			sourceTree = "<group>";
		};
		390C09A02B68A57E00BDCE09 /* Login */ = {
			isa = PBXGroup;
			children = (
				390C09A12B68A5A100BDCE09 /* LoginViewController.swift */,
				390C09A22B68A5A100BDCE09 /* LoginViewController.xib */,
			);
			path = Login;
			sourceTree = "<group>";
		};
		390C09AD2B68ABE400BDCE09 /* Home */ = {
			isa = PBXGroup;
			children = (
				390C09B22B68ACF000BDCE09 /* Cell */,
				390C09AE2B68ABF300BDCE09 /* HomeViewController.swift */,
				390C09AF2B68ABF300BDCE09 /* HomeViewController.xib */,
			);
			path = Home;
			sourceTree = "<group>";
		};
		390C09B22B68ACF000BDCE09 /* Cell */ = {
			isa = PBXGroup;
			children = (
				390C09B32B68ADD600BDCE09 /* HomeTableViewCell.swift */,
				390C09B42B68ADD600BDCE09 /* HomeTableViewCell.xib */,
				390C09B72B68D27600BDCE09 /* CakeCollectionViewCell.swift */,
				390C09B82B68D27600BDCE09 /* CakeCollectionViewCell.xib */,
			);
			path = Cell;
			sourceTree = "<group>";
		};
		390C09BB2B68D7B600BDCE09 /* Account */ = {
			isa = PBXGroup;
			children = (
				390C09BC2B68D7E000BDCE09 /* AccountViewController.swift */,
				390C09BD2B68D7E000BDCE09 /* AccountViewController.xib */,
			);
			path = Account;
			sourceTree = "<group>";
		};
		390C09C02B68D8AD00BDCE09 /* InfoCake */ = {
			isa = PBXGroup;
			children = (
				390C09C12B68D8C700BDCE09 /* InfoCakeViewController.swift */,
				390C09C22B68D8C700BDCE09 /* InfoCakeViewController.xib */,
			);
			path = InfoCake;
			sourceTree = "<group>";
		};
		390C09C52B68DBCF00BDCE09 /* Bag */ = {
			isa = PBXGroup;
			children = (
				390C09CA2B68DC3C00BDCE09 /* Cell */,
				390C09C62B68DBE600BDCE09 /* BagViewController.swift */,
				390C09C72B68DBE600BDCE09 /* BagViewController.xib */,
			);
			path = Bag;
			sourceTree = "<group>";
		};
		390C09CA2B68DC3C00BDCE09 /* Cell */ = {
			isa = PBXGroup;
			children = (
				390C09CB2B68DC6000BDCE09 /* ItemOrderTableViewCell.swift */,
				390C09CC2B68DC6000BDCE09 /* ItemOrderTableViewCell.xib */,
			);
			path = Cell;
			sourceTree = "<group>";
		};
		390C09CF2B68E40700BDCE09 /* Order */ = {
			isa = PBXGroup;
			children = (
				390C09D82B68E4DD00BDCE09 /* Cell */,
				390C09D02B68E42300BDCE09 /* OrderViewController.swift */,
				390C09D12B68E42300BDCE09 /* OrderViewController.xib */,
			);
			path = Order;
			sourceTree = "<group>";
		};
		390C09D82B68E4DD00BDCE09 /* Cell */ = {
			isa = PBXGroup;
			children = (
				390C09D92B68E51500BDCE09 /* OrderTableViewCell.swift */,
				390C09DA2B68E51500BDCE09 /* OrderTableViewCell.xib */,
			);
			path = Cell;
			sourceTree = "<group>";
		};
		390C09DD2B68E73000BDCE09 /* Rewards */ = {
			isa = PBXGroup;
			children = (
				390C09DE2B68E79D00BDCE09 /* RewardsViewController.swift */,
				390C09DF2B68E79D00BDCE09 /* RewardsViewController.xib */,
			);
			path = Rewards;
			sourceTree = "<group>";
		};
		390C09E22B68EA9E00BDCE09 /* Config */ = {
			isa = PBXGroup;
			children = (
				3931305E2B45429B0061B417 /* AppColor.swift */,
			);
			path = Config;
			sourceTree = "<group>";
		};
		393130392B4502C50061B417 = {
			isa = PBXGroup;
			children = (
				393130442B4502C50061B417 /* LuUiKit */,
				393130432B4502C50061B417 /* Products */,
			);
			sourceTree = "<group>";
		};
		393130432B4502C50061B417 /* Products */ = {
			isa = PBXGroup;
			children = (
				393130422B4502C50061B417 /* LuUiKit.app */,
			);
			name = Products;
			sourceTree = "<group>";
		};
		393130442B4502C50061B417 /* LuUiKit */ = {
			isa = PBXGroup;
			children = (
				390C09E22B68EA9E00BDCE09 /* Config */,
				390C099F2B68A57200BDCE09 /* Screen */,
				3989892C2B62615800133DDB /* Untils */,
				393130602B454C8D0061B417 /* Components */,
				3931305B2B4510420061B417 /* Ext */,
				393130452B4502C50061B417 /* AppDelegate.swift */,
				393130472B4502C50061B417 /* SceneDelegate.swift */,
				3931304E2B4502C60061B417 /* Assets.xcassets */,
				393130502B4502C60061B417 /* LaunchScreen.storyboard */,
				393130532B4502C60061B417 /* Info.plist */,
			);
			path = LuUiKit;
			sourceTree = "<group>";
		};
		3931305B2B4510420061B417 /* Ext */ = {
			isa = PBXGroup;
			children = (
				393130592B4503D30061B417 /* ExtUIColor.swift */,
				3931305C2B45105C0061B417 /* ExtUIView.swift */,
				39054FCA2B46535000887BAF /* ExtUiViewController.swift */,
				39B5F7B82B56701D001471A9 /* ExtUIImageView.swift */,
			);
			path = Ext;
			sourceTree = "<group>";
		};
		393130602B454C8D0061B417 /* Components */ = {
			isa = PBXGroup;
			children = (
				393130612B454CD70061B417 /* TextField.swift */,
			);
			path = Components;
			sourceTree = "<group>";
		};
		3989892C2B62615800133DDB /* Untils */ = {
			isa = PBXGroup;
			children = (
				3989892D2B62617E00133DDB /* EnumApp.swift */,
			);
			path = Untils;
			sourceTree = "<group>";
		};
/* End PBXGroup section */

/* Begin PBXNativeTarget section */
		393130412B4502C50061B417 /* LuUiKit */ = {
			isa = PBXNativeTarget;
			buildConfigurationList = 393130562B4502C60061B417 /* Build configuration list for PBXNativeTarget "LuUiKit" */;
			buildPhases = (
				3931303E2B4502C50061B417 /* Sources */,
				3931303F2B4502C50061B417 /* Frameworks */,
				393130402B4502C50061B417 /* Resources */,
			);
			buildRules = (
			);
			dependencies = (
			);
			name = LuUiKit;
			packageProductDependencies = (
				39B5F7B62B566FF9001471A9 /* Kingfisher */,
				3997A4C52B58E33B000101E9 /* RxCocoa */,
				3997A4C92B58E33B000101E9 /* RxRelay */,
				3997A4CD2B58E33B000101E9 /* RxSwift */,
			);
			productName = LuUiKit;
			productReference = 393130422B4502C50061B417 /* LuUiKit.app */;
			productType = "com.apple.product-type.application";
		};
/* End PBXNativeTarget section */

/* Begin PBXProject section */
		3931303A2B4502C50061B417 /* Project object */ = {
			isa = PBXProject;
			attributes = {
				BuildIndependentTargetsInParallel = 1;
				LastSwiftUpdateCheck = 1420;
				LastUpgradeCheck = 1420;
				TargetAttributes = {
					393130412B4502C50061B417 = {
						CreatedOnToolsVersion = 14.2;
					};
				};
			};
			buildConfigurationList = 3931303D2B4502C50061B417 /* Build configuration list for PBXProject "LuUiKit" */;
			compatibilityVersion = "Xcode 14.0";
			developmentRegion = en;
			hasScannedForEncodings = 0;
			knownRegions = (
				en,
				Base,
			);
			mainGroup = 393130392B4502C50061B417;
			packageReferences = (
				39B5F7B52B566FF9001471A9 /* XCRemoteSwiftPackageReference "Kingfisher" */,
				3997A4C42B58E33B000101E9 /* XCRemoteSwiftPackageReference "RxSwift" */,
			);
			productRefGroup = 393130432B4502C50061B417 /* Products */;
			projectDirPath = "";
			projectRoot = "";
			targets = (
				393130412B4502C50061B417 /* LuUiKit */,
			);
		};
/* End PBXProject section */

/* Begin PBXResourcesBuildPhase section */
		393130402B4502C50061B417 /* Resources */ = {
			isa = PBXResourcesBuildPhase;
			buildActionMask = 2147483647;
			files = (
				390C09C42B68D8C700BDCE09 /* InfoCakeViewController.xib in Resources */,
				390C09A42B68A5A100BDCE09 /* LoginViewController.xib in Resources */,
				393130522B4502C60061B417 /* LaunchScreen.storyboard in Resources */,
				390C09B12B68ABF300BDCE09 /* HomeViewController.xib in Resources */,
				3931304F2B4502C60061B417 /* Assets.xcassets in Resources */,
				390C09CE2B68DC6000BDCE09 /* ItemOrderTableViewCell.xib in Resources */,
				390C09C92B68DBE700BDCE09 /* BagViewController.xib in Resources */,
				390C09D32B68E42300BDCE09 /* OrderViewController.xib in Resources */,
				390C09B62B68ADD600BDCE09 /* HomeTableViewCell.xib in Resources */,
				390C09E12B68E79D00BDCE09 /* RewardsViewController.xib in Resources */,
				390C09BF2B68D7E000BDCE09 /* AccountViewController.xib in Resources */,
				390C09BA2B68D27600BDCE09 /* CakeCollectionViewCell.xib in Resources */,
				390C09DC2B68E51500BDCE09 /* OrderTableViewCell.xib in Resources */,
			);
			runOnlyForDeploymentPostprocessing = 0;
		};
/* End PBXResourcesBuildPhase section */

/* Begin PBXSourcesBuildPhase section */
		3931303E2B4502C50061B417 /* Sources */ = {
			isa = PBXSourcesBuildPhase;
			buildActionMask = 2147483647;
			files = (
				390C09A32B68A5A100BDCE09 /* LoginViewController.swift in Sources */,
				39054FCB2B46535000887BAF /* ExtUiViewController.swift in Sources */,
				390C09E42B68F44C00BDCE09 /* HomeTabBarController.swift in Sources */,
				3931305A2B4503D30061B417 /* ExtUIColor.swift in Sources */,
				390C09DB2B68E51500BDCE09 /* OrderTableViewCell.swift in Sources */,
				393130462B4502C50061B417 /* AppDelegate.swift in Sources */,
				390C09B02B68ABF300BDCE09 /* HomeViewController.swift in Sources */,
				390C09B92B68D27600BDCE09 /* CakeCollectionViewCell.swift in Sources */,
				390C09C82B68DBE700BDCE09 /* BagViewController.swift in Sources */,
				390C09BE2B68D7E000BDCE09 /* AccountViewController.swift in Sources */,
				3989892E2B62617E00133DDB /* EnumApp.swift in Sources */,
				393130622B454CD70061B417 /* TextField.swift in Sources */,
				390C09C32B68D8C700BDCE09 /* InfoCakeViewController.swift in Sources */,
				393130482B4502C50061B417 /* SceneDelegate.swift in Sources */,
				390C09B52B68ADD600BDCE09 /* HomeTableViewCell.swift in Sources */,
				390C09E02B68E79D00BDCE09 /* RewardsViewController.swift in Sources */,
				390C09CD2B68DC6000BDCE09 /* ItemOrderTableViewCell.swift in Sources */,
				390C09D22B68E42300BDCE09 /* OrderViewController.swift in Sources */,
				3931305D2B45105C0061B417 /* ExtUIView.swift in Sources */,
				3931305F2B45429B0061B417 /* AppColor.swift in Sources */,
				39B5F7B92B56701D001471A9 /* ExtUIImageView.swift in Sources */,
			);
			runOnlyForDeploymentPostprocessing = 0;
		};
/* End PBXSourcesBuildPhase section */

/* Begin PBXVariantGroup section */
		393130502B4502C60061B417 /* LaunchScreen.storyboard */ = {
			isa = PBXVariantGroup;
			children = (
				393130512B4502C60061B417 /* Base */,
			);
			name = LaunchScreen.storyboard;
			sourceTree = "<group>";
		};
/* End PBXVariantGroup section */

/* Begin XCBuildConfiguration section */
		393130542B4502C60061B417 /* Debug */ = {
			isa = XCBuildConfiguration;
			buildSettings = {
				ALWAYS_SEARCH_USER_PATHS = NO;
				CLANG_ANALYZER_NONNULL = YES;
				CLANG_ANALYZER_NUMBER_OBJECT_CONVERSION = YES_AGGRESSIVE;
				CLANG_CXX_LANGUAGE_STANDARD = "gnu++20";
				CLANG_ENABLE_MODULES = YES;
				CLANG_ENABLE_OBJC_ARC = YES;
				CLANG_ENABLE_OBJC_WEAK = YES;
				CLANG_WARN_BLOCK_CAPTURE_AUTORELEASING = YES;
				CLANG_WARN_BOOL_CONVERSION = YES;
				CLANG_WARN_COMMA = YES;
				CLANG_WARN_CONSTANT_CONVERSION = YES;
				CLANG_WARN_DEPRECATED_OBJC_IMPLEMENTATIONS = YES;
				CLANG_WARN_DIRECT_OBJC_ISA_USAGE = YES_ERROR;
				CLANG_WARN_DOCUMENTATION_COMMENTS = YES;
				CLANG_WARN_EMPTY_BODY = YES;
				CLANG_WARN_ENUM_CONVERSION = YES;
				CLANG_WARN_INFINITE_RECURSION = YES;
				CLANG_WARN_INT_CONVERSION = YES;
				CLANG_WARN_NON_LITERAL_NULL_CONVERSION = YES;
				CLANG_WARN_OBJC_IMPLICIT_RETAIN_SELF = YES;
				CLANG_WARN_OBJC_LITERAL_CONVERSION = YES;
				CLANG_WARN_OBJC_ROOT_CLASS = YES_ERROR;
				CLANG_WARN_QUOTED_INCLUDE_IN_FRAMEWORK_HEADER = YES;
				CLANG_WARN_RANGE_LOOP_ANALYSIS = YES;
				CLANG_WARN_STRICT_PROTOTYPES = YES;
				CLANG_WARN_SUSPICIOUS_MOVE = YES;
				CLANG_WARN_UNGUARDED_AVAILABILITY = YES_AGGRESSIVE;
				CLANG_WARN_UNREACHABLE_CODE = YES;
				CLANG_WARN__DUPLICATE_METHOD_MATCH = YES;
				COPY_PHASE_STRIP = NO;
				DEBUG_INFORMATION_FORMAT = dwarf;
				ENABLE_STRICT_OBJC_MSGSEND = YES;
				ENABLE_TESTABILITY = YES;
				GCC_C_LANGUAGE_STANDARD = gnu11;
				GCC_DYNAMIC_NO_PIC = NO;
				GCC_NO_COMMON_BLOCKS = YES;
				GCC_OPTIMIZATION_LEVEL = 0;
				GCC_PREPROCESSOR_DEFINITIONS = (
					"DEBUG=1",
					"$(inherited)",
				);
				GCC_WARN_64_TO_32_BIT_CONVERSION = YES;
				GCC_WARN_ABOUT_RETURN_TYPE = YES_ERROR;
				GCC_WARN_UNDECLARED_SELECTOR = YES;
				GCC_WARN_UNINITIALIZED_AUTOS = YES_AGGRESSIVE;
				GCC_WARN_UNUSED_FUNCTION = YES;
				GCC_WARN_UNUSED_VARIABLE = YES;
				IPHONEOS_DEPLOYMENT_TARGET = 16.2;
				MTL_ENABLE_DEBUG_INFO = INCLUDE_SOURCE;
				MTL_FAST_MATH = YES;
				ONLY_ACTIVE_ARCH = YES;
				SDKROOT = iphoneos;
				SWIFT_ACTIVE_COMPILATION_CONDITIONS = DEBUG;
				SWIFT_OPTIMIZATION_LEVEL = "-Onone";
			};
			name = Debug;
		};
		393130552B4502C60061B417 /* Release */ = {
			isa = XCBuildConfiguration;
			buildSettings = {
				ALWAYS_SEARCH_USER_PATHS = NO;
				CLANG_ANALYZER_NONNULL = YES;
				CLANG_ANALYZER_NUMBER_OBJECT_CONVERSION = YES_AGGRESSIVE;
				CLANG_CXX_LANGUAGE_STANDARD = "gnu++20";
				CLANG_ENABLE_MODULES = YES;
				CLANG_ENABLE_OBJC_ARC = YES;
				CLANG_ENABLE_OBJC_WEAK = YES;
				CLANG_WARN_BLOCK_CAPTURE_AUTORELEASING = YES;
				CLANG_WARN_BOOL_CONVERSION = YES;
				CLANG_WARN_COMMA = YES;
				CLANG_WARN_CONSTANT_CONVERSION = YES;
				CLANG_WARN_DEPRECATED_OBJC_IMPLEMENTATIONS = YES;
				CLANG_WARN_DIRECT_OBJC_ISA_USAGE = YES_ERROR;
				CLANG_WARN_DOCUMENTATION_COMMENTS = YES;
				CLANG_WARN_EMPTY_BODY = YES;
				CLANG_WARN_ENUM_CONVERSION = YES;
				CLANG_WARN_INFINITE_RECURSION = YES;
				CLANG_WARN_INT_CONVERSION = YES;
				CLANG_WARN_NON_LITERAL_NULL_CONVERSION = YES;
				CLANG_WARN_OBJC_IMPLICIT_RETAIN_SELF = YES;
				CLANG_WARN_OBJC_LITERAL_CONVERSION = YES;
				CLANG_WARN_OBJC_ROOT_CLASS = YES_ERROR;
				CLANG_WARN_QUOTED_INCLUDE_IN_FRAMEWORK_HEADER = YES;
				CLANG_WARN_RANGE_LOOP_ANALYSIS = YES;
				CLANG_WARN_STRICT_PROTOTYPES = YES;
				CLANG_WARN_SUSPICIOUS_MOVE = YES;
				CLANG_WARN_UNGUARDED_AVAILABILITY = YES_AGGRESSIVE;
				CLANG_WARN_UNREACHABLE_CODE = YES;
				CLANG_WARN__DUPLICATE_METHOD_MATCH = YES;
				COPY_PHASE_STRIP = NO;
				DEBUG_INFORMATION_FORMAT = "dwarf-with-dsym";
				ENABLE_NS_ASSERTIONS = NO;
				ENABLE_STRICT_OBJC_MSGSEND = YES;
				GCC_C_LANGUAGE_STANDARD = gnu11;
				GCC_NO_COMMON_BLOCKS = YES;
				GCC_WARN_64_TO_32_BIT_CONVERSION = YES;
				GCC_WARN_ABOUT_RETURN_TYPE = YES_ERROR;
				GCC_WARN_UNDECLARED_SELECTOR = YES;
				GCC_WARN_UNINITIALIZED_AUTOS = YES_AGGRESSIVE;
				GCC_WARN_UNUSED_FUNCTION = YES;
				GCC_WARN_UNUSED_VARIABLE = YES;
				IPHONEOS_DEPLOYMENT_TARGET = 16.2;
				MTL_ENABLE_DEBUG_INFO = NO;
				MTL_FAST_MATH = YES;
				SDKROOT = iphoneos;
				SWIFT_COMPILATION_MODE = wholemodule;
				SWIFT_OPTIMIZATION_LEVEL = "-O";
				VALIDATE_PRODUCT = YES;
			};
			name = Release;
		};
		393130572B4502C60061B417 /* Debug */ = {
			isa = XCBuildConfiguration;
			buildSettings = {
				ASSETCATALOG_COMPILER_APPICON_NAME = AppIcon;
				ASSETCATALOG_COMPILER_GLOBAL_ACCENT_COLOR_NAME = AccentColor;
				CODE_SIGN_STYLE = Automatic;
				CURRENT_PROJECT_VERSION = 1;
				DEVELOPMENT_TEAM = 35LAV63L4K;
				GENERATE_INFOPLIST_FILE = YES;
				INFOPLIST_FILE = LuUiKit/Info.plist;
				INFOPLIST_KEY_UIApplicationSupportsIndirectInputEvents = YES;
				INFOPLIST_KEY_UILaunchStoryboardName = LaunchScreen;
				INFOPLIST_KEY_UISupportedInterfaceOrientations_iPad = "UIInterfaceOrientationPortrait UIInterfaceOrientationPortraitUpsideDown UIInterfaceOrientationLandscapeLeft UIInterfaceOrientationLandscapeRight";
				INFOPLIST_KEY_UISupportedInterfaceOrientations_iPhone = "UIInterfaceOrientationPortrait UIInterfaceOrientationLandscapeLeft UIInterfaceOrientationLandscapeRight";
				IPHONEOS_DEPLOYMENT_TARGET = 14.0;
				LD_RUNPATH_SEARCH_PATHS = (
					"$(inherited)",
					"@executable_path/Frameworks",
				);
				MARKETING_VERSION = 1.0;
				PRODUCT_BUNDLE_IDENTIFIER = luciper.LuUiKit;
				PRODUCT_NAME = "$(TARGET_NAME)";
				SWIFT_EMIT_LOC_STRINGS = YES;
				SWIFT_VERSION = 5.0;
				TARGETED_DEVICE_FAMILY = "1,2";
			};
			name = Debug;
		};
		393130582B4502C60061B417 /* Release */ = {
			isa = XCBuildConfiguration;
			buildSettings = {
				ASSETCATALOG_COMPILER_APPICON_NAME = AppIcon;
				ASSETCATALOG_COMPILER_GLOBAL_ACCENT_COLOR_NAME = AccentColor;
				CODE_SIGN_STYLE = Automatic;
				CURRENT_PROJECT_VERSION = 1;
				DEVELOPMENT_TEAM = 35LAV63L4K;
				GENERATE_INFOPLIST_FILE = YES;
				INFOPLIST_FILE = LuUiKit/Info.plist;
				INFOPLIST_KEY_UIApplicationSupportsIndirectInputEvents = YES;
				INFOPLIST_KEY_UILaunchStoryboardName = LaunchScreen;
				INFOPLIST_KEY_UISupportedInterfaceOrientations_iPad = "UIInterfaceOrientationPortrait UIInterfaceOrientationPortraitUpsideDown UIInterfaceOrientationLandscapeLeft UIInterfaceOrientationLandscapeRight";
				INFOPLIST_KEY_UISupportedInterfaceOrientations_iPhone = "UIInterfaceOrientationPortrait UIInterfaceOrientationLandscapeLeft UIInterfaceOrientationLandscapeRight";
				IPHONEOS_DEPLOYMENT_TARGET = 14.0;
				LD_RUNPATH_SEARCH_PATHS = (
					"$(inherited)",
					"@executable_path/Frameworks",
				);
				MARKETING_VERSION = 1.0;
				PRODUCT_BUNDLE_IDENTIFIER = luciper.LuUiKit;
				PRODUCT_NAME = "$(TARGET_NAME)";
				SWIFT_EMIT_LOC_STRINGS = YES;
				SWIFT_VERSION = 5.0;
				TARGETED_DEVICE_FAMILY = "1,2";
			};
			name = Release;
		};
/* End XCBuildConfiguration section */

/* Begin XCConfigurationList section */
		3931303D2B4502C50061B417 /* Build configuration list for PBXProject "LuUiKit" */ = {
			isa = XCConfigurationList;
			buildConfigurations = (
				393130542B4502C60061B417 /* Debug */,
				393130552B4502C60061B417 /* Release */,
			);
			defaultConfigurationIsVisible = 0;
			defaultConfigurationName = Release;
		};
		393130562B4502C60061B417 /* Build configuration list for PBXNativeTarget "LuUiKit" */ = {
			isa = XCConfigurationList;
			buildConfigurations = (
				393130572B4502C60061B417 /* Debug */,
				393130582B4502C60061B417 /* Release */,
			);
			defaultConfigurationIsVisible = 0;
			defaultConfigurationName = Release;
		};
/* End XCConfigurationList section */

/* Begin XCRemoteSwiftPackageReference section */
		3997A4C42B58E33B000101E9 /* XCRemoteSwiftPackageReference "RxSwift" */ = {
			isa = XCRemoteSwiftPackageReference;
			repositoryURL = "https://github.com/ReactiveX/RxSwift";
			requirement = {
				kind = upToNextMajorVersion;
				minimumVersion = 6.6.0;
			};
		};
		39B5F7B52B566FF9001471A9 /* XCRemoteSwiftPackageReference "Kingfisher" */ = {
			isa = XCRemoteSwiftPackageReference;
			repositoryURL = "https://github.com/onevcat/Kingfisher.git";
			requirement = {
				kind = upToNextMajorVersion;
				minimumVersion = 7.0.0;
			};
		};
/* End XCRemoteSwiftPackageReference section */

/* Begin XCSwiftPackageProductDependency section */
		3997A4C52B58E33B000101E9 /* RxCocoa */ = {
			isa = XCSwiftPackageProductDependency;
			package = 3997A4C42B58E33B000101E9 /* XCRemoteSwiftPackageReference "RxSwift" */;
			productName = RxCocoa;
		};
		3997A4C92B58E33B000101E9 /* RxRelay */ = {
			isa = XCSwiftPackageProductDependency;
			package = 3997A4C42B58E33B000101E9 /* XCRemoteSwiftPackageReference "RxSwift" */;
			productName = RxRelay;
		};
		3997A4CD2B58E33B000101E9 /* RxSwift */ = {
			isa = XCSwiftPackageProductDependency;
			package = 3997A4C42B58E33B000101E9 /* XCRemoteSwiftPackageReference "RxSwift" */;
			productName = RxSwift;
		};
		39B5F7B62B566FF9001471A9 /* Kingfisher */ = {
			isa = XCSwiftPackageProductDependency;
			package = 39B5F7B52B566FF9001471A9 /* XCRemoteSwiftPackageReference "Kingfisher" */;
			productName = Kingfisher;
		};
/* End XCSwiftPackageProductDependency section */
	};
	rootObject = 3931303A2B4502C50061B417 /* Project object */;
}
